name: Lock
type: program
img: systems/swnr/assets/icons/game-icons.net/item-icons/program.svg
folder: null
flags: {}
_stats:
  compendiumSource: null
  duplicateSource: null
  coreVersion: '12.331'
  systemId: swnr
  systemVersion: 2.0.0
  createdTime: 1739238988709
  modifiedTime: 1739238988709
sort: 0
_id: 8ocdtrx69isfu3eu
system:
  description: Lock a physical device that has some sort of electronic locking mechanism or a currently-unlocked cyberspace node barrier.
  favorite: false
  cost: 1000
  type: verb
  accessCost: 1
  target: Device/Data
  selfTerminating: false
  useAffects: Lock an electronic lock or node barrier
  skillCheckMod: 1
effects: []
_key: '!items!8ocdtrx69isfu3eu'
